// !$*UTF8*$!
{
	archiveVersion = 1;
	classes = {
	};
	objectVersion = 56;
	objects = {

/* Begin PBXBuildFile section */
		8E20C9642BA03C240071BE46 /* K2EConverterApp.swift in Sources */ = {isa = PBXBuildFile; fileRef = 8E20C9632BA03C240071BE46 /* K2EConverterApp.swift */; };
		8E20C9662BA03C240071BE46 /* ContentView.swift in Sources */ = {isa = PBXBuildFile; fileRef = 8E20C9652BA03C240071BE46 /* ContentView.swift */; };
		8E20C9682BA03C260071BE46 /* Assets.xcassets in Resources */ = {isa = PBXBuildFile; fileRef = 8E20C9672BA03C260071BE46 /* Assets.xcassets */; };
		8E20C96B2BA03C260071BE46 /* Preview Assets.xcassets in Resources */ = {isa = PBXBuildFile; fileRef = 8E20C96A2BA03C260071BE46 /* Preview Assets.xcassets */; };
		8E20C9752BA03C260071BE46 /* K2EConverterTests.swift in Sources */ = {isa = PBXBuildFile; fileRef = 8E20C9742BA03C260071BE46 /* K2EConverterTests.swift */; };
		8E20C97F2BA03C260071BE46 /* K2EConverterUITests.swift in Sources */ = {isa = PBXBuildFile; fileRef = 8E20C97E2BA03C260071BE46 /* K2EConverterUITests.swift */; };
		8E20C9812BA03C260071BE46 /* K2EConverterUITestsLaunchTests.swift in Sources */ = {isa = PBXBuildFile; fileRef = 8E20C9802BA03C260071BE46 /* K2EConverterUITestsLaunchTests.swift */; };
/* End PBXBuildFile section */

/* Begin PBXContainerItemProxy section */
		8E20C9712BA03C260071BE46 /* PBXContainerItemProxy */ = {
			isa = PBXContainerItemProxy;
			containerPortal = 8E20C9582BA03C240071BE46 /* Project object */;
			proxyType = 1;
			remoteGlobalIDString = 8E20C95F2BA03C240071BE46;
			remoteInfo = K2EConverter;
		};
		8E20C97B2BA03C260071BE46 /* PBXContainerItemProxy */ = {
			isa = PBXContainerItemProxy;
			containerPortal = 8E20C9582BA03C240071BE46 /* Project object */;
			proxyType = 1;
			remoteGlobalIDString = 8E20C95F2BA03C240071BE46;
			remoteInfo = K2EConverter;
		};
/* End PBXContainerItemProxy section */

/* Begin PBXFileReference section */
		8E20C9602BA03C240071BE46 /* K2EConverter.app */ = {isa = PBXFileReference; explicitFileType = wrapper.application; includeInIndex = 0; path = K2EConverter.app; sourceTree = BUILT_PRODUCTS_DIR; };
		8E20C9632BA03C240071BE46 /* K2EConverterApp.swift */ = {isa = PBXFileReference; lastKnownFileType = sourcecode.swift; path = K2EConverterApp.swift; sourceTree = "<group>"; };
		8E20C9652BA03C240071BE46 /* ContentView.swift */ = {isa = PBXFileReference; lastKnownFileType = sourcecode.swift; path = ContentView.swift; sourceTree = "<group>"; };
		8E20C9672BA03C260071BE46 /* Assets.xcassets */ = {isa = PBXFileReference; lastKnownFileType = folder.assetcatalog; path = Assets.xcassets; sourceTree = "<group>"; };
		8E20C96A2BA03C260071BE46 /* Preview Assets.xcassets */ = {isa = PBXFileReference; lastKnownFileType = folder.assetcatalog; path = "Preview Assets.xcassets"; sourceTree = "<group>"; };
		8E20C9702BA03C260071BE46 /* K2EConverterTests.xctest */ = {isa = PBXFileReference; explicitFileType = wrapper.cfbundle; includeInIndex = 0; path = K2EConverterTests.xctest; sourceTree = BUILT_PRODUCTS_DIR; };
		8E20C9742BA03C260071BE46 /* K2EConverterTests.swift */ = {isa = PBXFileReference; lastKnownFileType = sourcecode.swift; path = K2EConverterTests.swift; sourceTree = "<group>"; };
		8E20C97A2BA03C260071BE46 /* K2EConverterUITests.xctest */ = {isa = PBXFileReference; explicitFileType = wrapper.cfbundle; includeInIndex = 0; path = K2EConverterUITests.xctest; sourceTree = BUILT_PRODUCTS_DIR; };
		8E20C97E2BA03C260071BE46 /* K2EConverterUITests.swift */ = {isa = PBXFileReference; lastKnownFileType = sourcecode.swift; path = K2EConverterUITests.swift; sourceTree = "<group>"; };
		8E20C9802BA03C260071BE46 /* K2EConverterUITestsLaunchTests.swift */ = {isa = PBXFileReference; lastKnownFileType = sourcecode.swift; path = K2EConverterUITestsLaunchTests.swift; sourceTree = "<group>"; };
/* End PBXFileReference section */

/* Begin PBXFrameworksBuildPhase section */
		8E20C95D2BA03C240071BE46 /* Frameworks */ = {
			isa = PBXFrameworksBuildPhase;
			buildActionMask = 2147483647;
			files = (
			);
			runOnlyForDeploymentPostprocessing = 0;
		};
		8E20C96D2BA03C260071BE46 /* Frameworks */ = {
			isa = PBXFrameworksBuildPhase;
			buildActionMask = 2147483647;
			files = (
			);
			runOnlyForDeploymentPostprocessing = 0;
		};
		8E20C9772BA03C260071BE46 /* Frameworks */ = {
			isa = PBXFrameworksBuildPhase;
			buildActionMask = 2147483647;
			files = (
			);
			runOnlyForDeploymentPostprocessing = 0;
		};
/* End PBXFrameworksBuildPhase section */

/* Begin PBXGroup section */
		8E20C9572BA03C240071BE46 = {
			isa = PBXGroup;
			children = (
				8E20C9622BA03C240071BE46 /* K2EConverter */,
				8E20C9732BA03C260071BE46 /* K2EConverterTests */,
				8E20C97D2BA03C260071BE46 /* K2EConverterUITests */,
				8E20C9612BA03C240071BE46 /* Products */,
			);
			sourceTree = "<group>";
		};
		8E20C9612BA03C240071BE46 /* Products */ = {
			isa = PBXGroup;
			children = (
				8E20C9602BA03C240071BE46 /* K2EConverter.app */,
				8E20C9702BA03C260071BE46 /* K2EConverterTests.xctest */,
				8E20C97A2BA03C260071BE46 /* K2EConverterUITests.xctest */,
			);
			name = Products;
			sourceTree = "<group>";
		};
		8E20C9622BA03C240071BE46 /* K2EConverter */ = {
			isa = PBXGroup;
			children = (
				8E20C9632BA03C240071BE46 /* K2EConverterApp.swift */,
				8E20C9652BA03C240071BE46 /* ContentView.swift */,
				8E20C9672BA03C260071BE46 /* Assets.xcassets */,
				8E20C9692BA03C260071BE46 /* Preview Content */,
			);
			path = K2EConverter;
			sourceTree = "<group>";
		};
		8E20C9692BA03C260071BE46 /* Preview Content */ = {
			isa = PBXGroup;
			children = (
				8E20C96A2BA03C260071BE46 /* Preview Assets.xcassets */,
			);
			path = "Preview Content";
			sourceTree = "<group>";
		};
		8E20C9732BA03C260071BE46 /* K2EConverterTests */ = {
			isa = PBXGroup;
			children = (
				8E20C9742BA03C260071BE46 /* K2EConverterTests.swift */,
			);
			path = K2EConverterTests;
			sourceTree = "<group>";
		};
		8E20C97D2BA03C260071BE46 /* K2EConverterUITests */ = {
			isa = PBXGroup;
			children = (
				8E20C97E2BA03C260071BE46 /* K2EConverterUITests.swift */,
				8E20C9802BA03C260071BE46 /* K2EConverterUITestsLaunchTests.swift */,
			);
			path = K2EConverterUITests;
			sourceTree = "<group>";
		};
/* End PBXGroup section */

/* Begin PBXNativeTarget section */
		8E20C95F2BA03C240071BE46 /* K2EConverter */ = {
			isa = PBXNativeTarget;
			buildConfigurationList = 8E20C9842BA03C260071BE46 /* Build configuration list for PBXNativeTarget "K2EConverter" */;
			buildPhases = (
				8E20C95C2BA03C240071BE46 /* Sources */,
				8E20C95D2BA03C240071BE46 /* Frameworks */,
				8E20C95E2BA03C240071BE46 /* Resources */,
			);
			buildRules = (
			);
			dependencies = (
			);
			name = K2EConverter;
			productName = K2EConverter;
			productReference = 8E20C9602BA03C240071BE46 /* K2EConverter.app */;
			productType = "com.apple.product-type.application";
		};
		8E20C96F2BA03C260071BE46 /* K2EConverterTests */ = {
			isa = PBXNativeTarget;
			buildConfigurationList = 8E20C9872BA03C260071BE46 /* Build configuration list for PBXNativeTarget "K2EConverterTests" */;
			buildPhases = (
				8E20C96C2BA03C260071BE46 /* Sources */,
				8E20C96D2BA03C260071BE46 /* Frameworks */,
				8E20C96E2BA03C260071BE46 /* Resources */,
			);
			buildRules = (
			);
			dependencies = (
				8E20C9722BA03C260071BE46 /* PBXTargetDependency */,
			);
			name = K2EConverterTests;
			productName = K2EConverterTests;
			productReference = 8E20C9702BA03C260071BE46 /* K2EConverterTests.xctest */;
			productType = "com.apple.product-type.bundle.unit-test";
		};
		8E20C9792BA03C260071BE46 /* K2EConverterUITests */ = {
			isa = PBXNativeTarget;
			buildConfigurationList = 8E20C98A2BA03C260071BE46 /* Build configuration list for PBXNativeTarget "K2EConverterUITests" */;
			buildPhases = (
				8E20C9762BA03C260071BE46 /* Sources */,
				8E20C9772BA03C260071BE46 /* Frameworks */,
				8E20C9782BA03C260071BE46 /* Resources */,
			);
			buildRules = (
			);
			dependencies = (
				8E20C97C2BA03C260071BE46 /* PBXTargetDependency */,
			);
			name = K2EConverterUITests;
			productName = K2EConverterUITests;
			productReference = 8E20C97A2BA03C260071BE46 /* K2EConverterUITests.xctest */;
			productType = "com.apple.product-type.bundle.ui-testing";
		};
/* End PBXNativeTarget section */

/* Begin PBXProject section */
		8E20C9582BA03C240071BE46 /* Project object */ = {
			isa = PBXProject;
			attributes = {
				BuildIndependentTargetsInParallel = 1;
				LastSwiftUpdateCheck = 1530;
				LastUpgradeCheck = 1530;
				TargetAttributes = {
					8E20C95F2BA03C240071BE46 = {
						CreatedOnToolsVersion = 15.3;
					};
					8E20C96F2BA03C260071BE46 = {
						CreatedOnToolsVersion = 15.3;
						TestTargetID = 8E20C95F2BA03C240071BE46;
					};
					8E20C9792BA03C260071BE46 = {
						CreatedOnToolsVersion = 15.3;
						TestTargetID = 8E20C95F2BA03C240071BE46;
					};
				};
			};
			buildConfigurationList = 8E20C95B2BA03C240071BE46 /* Build configuration list for PBXProject "K2EConverter" */;
			compatibilityVersion = "Xcode 14.0";
			developmentRegion = en;
			hasScannedForEncodings = 0;
			knownRegions = (
				en,
				Base,
			);
			mainGroup = 8E20C9572BA03C240071BE46;
			productRefGroup = 8E20C9612BA03C240071BE46 /* Products */;
			projectDirPath = "";
			projectRoot = "";
			targets = (
				8E20C95F2BA03C240071BE46 /* K2EConverter */,
				8E20C96F2BA03C260071BE46 /* K2EConverterTests */,
				8E20C9792BA03C260071BE46 /* K2EConverterUITests */,
			);
		};
/* End PBXProject section */

/* Begin PBXResourcesBuildPhase section */
		8E20C95E2BA03C240071BE46 /* Resources */ = {
			isa = PBXResourcesBuildPhase;
			buildActionMask = 2147483647;
			files = (
				8E20C96B2BA03C260071BE46 /* Preview Assets.xcassets in Resources */,
				8E20C9682BA03C260071BE46 /* Assets.xcassets in Resources */,
			);
			runOnlyForDeploymentPostprocessing = 0;
		};
		8E20C96E2BA03C260071BE46 /* Resources */ = {
			isa = PBXResourcesBuildPhase;
			buildActionMask = 2147483647;
			files = (
			);
			runOnlyForDeploymentPostprocessing = 0;
		};
		8E20C9782BA03C260071BE46 /* Resources */ = {
			isa = PBXResourcesBuildPhase;
			buildActionMask = 2147483647;
			files = (
			);
			runOnlyForDeploymentPostprocessing = 0;
		};
/* End PBXResourcesBuildPhase section */

/* Begin PBXSourcesBuildPhase section */
		8E20C95C2BA03C240071BE46 /* Sources */ = {
			isa = PBXSourcesBuildPhase;
			buildActionMask = 2147483647;
			files = (
				8E20C9662BA03C240071BE46 /* ContentView.swift in Sources */,
				8E20C9642BA03C240071BE46 /* K2EConverterApp.swift in Sources */,
			);
			runOnlyForDeploymentPostprocessing = 0;
		};
		8E20C96C2BA03C260071BE46 /* Sources */ = {
			isa = PBXSourcesBuildPhase;
			buildActionMask = 2147483647;
			files = (
				8E20C9752BA03C260071BE46 /* K2EConverterTests.swift in Sources */,
			);
			runOnlyForDeploymentPostprocessing = 0;
		};
		8E20C9762BA03C260071BE46 /* Sources */ = {
			isa = PBXSourcesBuildPhase;
			buildActionMask = 2147483647;
			files = (
				8E20C9812BA03C260071BE46 /* K2EConverterUITestsLaunchTests.swift in Sources */,
				8E20C97F2BA03C260071BE46 /* K2EConverterUITests.swift in Sources */,
			);
			runOnlyForDeploymentPostprocessing = 0;
		};
/* End PBXSourcesBuildPhase section */

/* Begin PBXTargetDependency section */
		8E20C9722BA03C260071BE46 /* PBXTargetDependency */ = {
			isa = PBXTargetDependency;
			target = 8E20C95F2BA03C240071BE46 /* K2EConverter */;
			targetProxy = 8E20C9712BA03C260071BE46 /* PBXContainerItemProxy */;
		};
		8E20C97C2BA03C260071BE46 /* PBXTargetDependency */ = {
			isa = PBXTargetDependency;
			target = 8E20C95F2BA03C240071BE46 /* K2EConverter */;
			targetProxy = 8E20C97B2BA03C260071BE46 /* PBXContainerItemProxy */;
		};
/* End PBXTargetDependency section */

/* Begin XCBuildConfiguration section */
		8E20C9822BA03C260071BE46 /* Debug */ = {
			isa = XCBuildConfiguration;
			buildSettings = {
				ALWAYS_SEARCH_USER_PATHS = NO;
				ASSETCATALOG_COMPILER_GENERATE_SWIFT_ASSET_SYMBOL_EXTENSIONS = YES;
				CLANG_ANALYZER_NONNULL = YES;
				CLANG_ANALYZER_NUMBER_OBJECT_CONVERSION = YES_AGGRESSIVE;
				CLANG_CXX_LANGUAGE_STANDARD = "gnu++20";
				CLANG_ENABLE_MODULES = YES;
				CLANG_ENABLE_OBJC_ARC = YES;
				CLANG_ENABLE_OBJC_WEAK = YES;
				CLANG_WARN_BLOCK_CAPTURE_AUTORELEASING = YES;
				CLANG_WARN_BOOL_CONVERSION = YES;
				CLANG_WARN_COMMA = YES;
				CLANG_WARN_CONSTANT_CONVERSION = YES;
				CLANG_WARN_DEPRECATED_OBJC_IMPLEMENTATIONS = YES;
				CLANG_WARN_DIRECT_OBJC_ISA_USAGE = YES_ERROR;
				CLANG_WARN_DOCUMENTATION_COMMENTS = YES;
				CLANG_WARN_EMPTY_BODY = YES;
				CLANG_WARN_ENUM_CONVERSION = YES;
				CLANG_WARN_INFINITE_RECURSION = YES;
				CLANG_WARN_INT_CONVERSION = YES;
				CLANG_WARN_NON_LITERAL_NULL_CONVERSION = YES;
				CLANG_WARN_OBJC_IMPLICIT_RETAIN_SELF = YES;
				CLANG_WARN_OBJC_LITERAL_CONVERSION = YES;
				CLANG_WARN_OBJC_ROOT_CLASS = YES_ERROR;
				CLANG_WARN_QUOTED_INCLUDE_IN_FRAMEWORK_HEADER = YES;
				CLANG_WARN_RANGE_LOOP_ANALYSIS = YES;
				CLANG_WARN_STRICT_PROTOTYPES = YES;
				CLANG_WARN_SUSPICIOUS_MOVE = YES;
				CLANG_WARN_UNGUARDED_AVAILABILITY = YES_AGGRESSIVE;
				CLANG_WARN_UNREACHABLE_CODE = YES;
				CLANG_WARN__DUPLICATE_METHOD_MATCH = YES;
				COPY_PHASE_STRIP = NO;
				DEBUG_INFORMATION_FORMAT = dwarf;
				ENABLE_STRICT_OBJC_MSGSEND = YES;
				ENABLE_TESTABILITY = YES;
				ENABLE_USER_SCRIPT_SANDBOXING = YES;
				GCC_C_LANGUAGE_STANDARD = gnu17;
				GCC_DYNAMIC_NO_PIC = NO;
				GCC_NO_COMMON_BLOCKS = YES;
				GCC_OPTIMIZATION_LEVEL = 0;
				GCC_PREPROCESSOR_DEFINITIONS = (
					"DEBUG=1",
					"$(inherited)",
				);
				GCC_WARN_64_TO_32_BIT_CONVERSION = YES;
				GCC_WARN_ABOUT_RETURN_TYPE = YES_ERROR;
				GCC_WARN_UNDECLARED_SELECTOR = YES;
				GCC_WARN_UNINITIALIZED_AUTOS = YES_AGGRESSIVE;
				GCC_WARN_UNUSED_FUNCTION = YES;
				GCC_WARN_UNUSED_VARIABLE = YES;
				IPHONEOS_DEPLOYMENT_TARGET = 17.4;
				LOCALIZATION_PREFERS_STRING_CATALOGS = YES;
				MTL_ENABLE_DEBUG_INFO = INCLUDE_SOURCE;
				MTL_FAST_MATH = YES;
				ONLY_ACTIVE_ARCH = YES;
				SDKROOT = iphoneos;
				SWIFT_ACTIVE_COMPILATION_CONDITIONS = "DEBUG $(inherited)";
				SWIFT_OPTIMIZATION_LEVEL = "-Onone";
			};
			name = Debug;
		};
		8E20C9832BA03C260071BE46 /* Release */ = {
			isa = XCBuildConfiguration;
			buildSettings = {
				ALWAYS_SEARCH_USER_PATHS = NO;
				ASSETCATALOG_COMPILER_GENERATE_SWIFT_ASSET_SYMBOL_EXTENSIONS = YES;
				CLANG_ANALYZER_NONNULL = YES;
				CLANG_ANALYZER_NUMBER_OBJECT_CONVERSION = YES_AGGRESSIVE;
				CLANG_CXX_LANGUAGE_STANDARD = "gnu++20";
				CLANG_ENABLE_MODULES = YES;
				CLANG_ENABLE_OBJC_ARC = YES;
				CLANG_ENABLE_OBJC_WEAK = YES;
				CLANG_WARN_BLOCK_CAPTURE_AUTORELEASING = YES;
				CLANG_WARN_BOOL_CONVERSION = YES;
				CLANG_WARN_COMMA = YES;
				CLANG_WARN_CONSTANT_CONVERSION = YES;
				CLANG_WARN_DEPRECATED_OBJC_IMPLEMENTATIONS = YES;
				CLANG_WARN_DIRECT_OBJC_ISA_USAGE = YES_ERROR;
				CLANG_WARN_DOCUMENTATION_COMMENTS = YES;
				CLANG_WARN_EMPTY_BODY = YES;
				CLANG_WARN_ENUM_CONVERSION = YES;
				CLANG_WARN_INFINITE_RECURSION = YES;
				CLANG_WARN_INT_CONVERSION = YES;
				CLANG_WARN_NON_LITERAL_NULL_CONVERSION = YES;
				CLANG_WARN_OBJC_IMPLICIT_RETAIN_SELF = YES;
				CLANG_WARN_OBJC_LITERAL_CONVERSION = YES;
				CLANG_WARN_OBJC_ROOT_CLASS = YES_ERROR;
				CLANG_WARN_QUOTED_INCLUDE_IN_FRAMEWORK_HEADER = YES;
				CLANG_WARN_RANGE_LOOP_ANALYSIS = YES;
				CLANG_WARN_STRICT_PROTOTYPES = YES;
				CLANG_WARN_SUSPICIOUS_MOVE = YES;
				CLANG_WARN_UNGUARDED_AVAILABILITY = YES_AGGRESSIVE;
				CLANG_WARN_UNREACHABLE_CODE = YES;
				CLANG_WARN__DUPLICATE_METHOD_MATCH = YES;
				COPY_PHASE_STRIP = NO;
				DEBUG_INFORMATION_FORMAT = "dwarf-with-dsym";
				ENABLE_NS_ASSERTIONS = NO;
				ENABLE_STRICT_OBJC_MSGSEND = YES;
				ENABLE_USER_SCRIPT_SANDBOXING = YES;
				GCC_C_LANGUAGE_STANDARD = gnu17;
				GCC_NO_COMMON_BLOCKS = YES;
				GCC_WARN_64_TO_32_BIT_CONVERSION = YES;
				GCC_WARN_ABOUT_RETURN_TYPE = YES_ERROR;
				GCC_WARN_UNDECLARED_SELECTOR = YES;
				GCC_WARN_UNINITIALIZED_AUTOS = YES_AGGRESSIVE;
				GCC_WARN_UNUSED_FUNCTION = YES;
				GCC_WARN_UNUSED_VARIABLE = YES;
				IPHONEOS_DEPLOYMENT_TARGET = 17.4;
				LOCALIZATION_PREFERS_STRING_CATALOGS = YES;
				MTL_ENABLE_DEBUG_INFO = NO;
				MTL_FAST_MATH = YES;
				SDKROOT = iphoneos;
				SWIFT_COMPILATION_MODE = wholemodule;
				VALIDATE_PRODUCT = YES;
			};
			name = Release;
		};
		8E20C9852BA03C260071BE46 /* Debug */ = {
			isa = XCBuildConfiguration;
			buildSettings = {
				ASSETCATALOG_COMPILER_APPICON_NAME = AppIcon;
				ASSETCATALOG_COMPILER_GLOBAL_ACCENT_COLOR_NAME = AccentColor;
				CODE_SIGN_STYLE = Automatic;
				CURRENT_PROJECT_VERSION = 1;
				DEVELOPMENT_ASSET_PATHS = "\"K2EConverter/Preview Content\"";
				DEVELOPMENT_TEAM = 95KH8LTQV6;
				ENABLE_PREVIEWS = YES;
				GENERATE_INFOPLIST_FILE = YES;
				INFOPLIST_KEY_UIApplicationSceneManifest_Generation = YES;
				INFOPLIST_KEY_UIApplicationSupportsIndirectInputEvents = YES;
				INFOPLIST_KEY_UILaunchScreen_Generation = YES;
				INFOPLIST_KEY_UISupportedInterfaceOrientations_iPad = "UIInterfaceOrientationPortrait UIInterfaceOrientationPortraitUpsideDown UIInterfaceOrientationLandscapeLeft UIInterfaceOrientationLandscapeRight";
				INFOPLIST_KEY_UISupportedInterfaceOrientations_iPhone = "UIInterfaceOrientationPortrait UIInterfaceOrientationLandscapeLeft UIInterfaceOrientationLandscapeRight";
				LD_RUNPATH_SEARCH_PATHS = (
					"$(inherited)",
					"@executable_path/Frameworks",
				);
				MARKETING_VERSION = 1.0;
				PRODUCT_BUNDLE_IDENTIFIER = com.ocean.K2EConverter;
				PRODUCT_NAME = "$(TARGET_NAME)";
				SWIFT_EMIT_LOC_STRINGS = YES;
				SWIFT_VERSION = 5.0;
				TARGETED_DEVICE_FAMILY = "1,2";
			};
			name = Debug;
		};
		8E20C9862BA03C260071BE46 /* Release */ = {
			isa = XCBuildConfiguration;
			buildSettings = {
				ASSETCATALOG_COMPILER_APPICON_NAME = AppIcon;
				ASSETCATALOG_COMPILER_GLOBAL_ACCENT_COLOR_NAME = AccentColor;
				CODE_SIGN_STYLE = Automatic;
				CURRENT_PROJECT_VERSION = 1;
				DEVELOPMENT_ASSET_PATHS = "\"K2EConverter/Preview Content\"";
				DEVELOPMENT_TEAM = 95KH8LTQV6;
				ENABLE_PREVIEWS = YES;
				GENERATE_INFOPLIST_FILE = YES;
				INFOPLIST_KEY_UIApplicationSceneManifest_Generation = YES;
				INFOPLIST_KEY_UIApplicationSupportsIndirectInputEvents = YES;
				INFOPLIST_KEY_UILaunchScreen_Generation = YES;
				INFOPLIST_KEY_UISupportedInterfaceOrientations_iPad = "UIInterfaceOrientationPortrait UIInterfaceOrientationPortraitUpsideDown UIInterfaceOrientationLandscapeLeft UIInterfaceOrientationLandscapeRight";
				INFOPLIST_KEY_UISupportedInterfaceOrientations_iPhone = "UIInterfaceOrientationPortrait UIInterfaceOrientationLandscapeLeft UIInterfaceOrientationLandscapeRight";
				LD_RUNPATH_SEARCH_PATHS = (
					"$(inherited)",
					"@executable_path/Frameworks",
				);
				MARKETING_VERSION = 1.0;
				PRODUCT_BUNDLE_IDENTIFIER = com.ocean.K2EConverter;
				PRODUCT_NAME = "$(TARGET_NAME)";
				SWIFT_EMIT_LOC_STRINGS = YES;
				SWIFT_VERSION = 5.0;
				TARGETED_DEVICE_FAMILY = "1,2";
			};
			name = Release;
		};
		8E20C9882BA03C260071BE46 /* Debug */ = {
			isa = XCBuildConfiguration;
			buildSettings = {
				ALWAYS_EMBED_SWIFT_STANDARD_LIBRARIES = YES;
				BUNDLE_LOADER = "$(TEST_HOST)";
				CODE_SIGN_STYLE = Automatic;
				CURRENT_PROJECT_VERSION = 1;
				DEVELOPMENT_TEAM = 95KH8LTQV6;
				GENERATE_INFOPLIST_FILE = YES;
				IPHONEOS_DEPLOYMENT_TARGET = 17.4;
				MARKETING_VERSION = 1.0;
				PRODUCT_BUNDLE_IDENTIFIER = com.ocean.K2EConverterTests;
				PRODUCT_NAME = "$(TARGET_NAME)";
				SWIFT_EMIT_LOC_STRINGS = NO;
				SWIFT_VERSION = 5.0;
				TARGETED_DEVICE_FAMILY = "1,2";
				TEST_HOST = "$(BUILT_PRODUCTS_DIR)/K2EConverter.app/$(BUNDLE_EXECUTABLE_FOLDER_PATH)/K2EConverter";
			};
			name = Debug;
		};
		8E20C9892BA03C260071BE46 /* Release */ = {
			isa = XCBuildConfiguration;
			buildSettings = {
				ALWAYS_EMBED_SWIFT_STANDARD_LIBRARIES = YES;
				BUNDLE_LOADER = "$(TEST_HOST)";
				CODE_SIGN_STYLE = Automatic;
				CURRENT_PROJECT_VERSION = 1;
				DEVELOPMENT_TEAM = 95KH8LTQV6;
				GENERATE_INFOPLIST_FILE = YES;
				IPHONEOS_DEPLOYMENT_TARGET = 17.4;
				MARKETING_VERSION = 1.0;
				PRODUCT_BUNDLE_IDENTIFIER = com.ocean.K2EConverterTests;
				PRODUCT_NAME = "$(TARGET_NAME)";
				SWIFT_EMIT_LOC_STRINGS = NO;
				SWIFT_VERSION = 5.0;
				TARGETED_DEVICE_FAMILY = "1,2";
				TEST_HOST = "$(BUILT_PRODUCTS_DIR)/K2EConverter.app/$(BUNDLE_EXECUTABLE_FOLDER_PATH)/K2EConverter";
			};
			name = Release;
		};
		8E20C98B2BA03C260071BE46 /* Debug */ = {
			isa = XCBuildConfiguration;
			buildSettings = {
				ALWAYS_EMBED_SWIFT_STANDARD_LIBRARIES = YES;
				CODE_SIGN_STYLE = Automatic;
				CURRENT_PROJECT_VERSION = 1;
				DEVELOPMENT_TEAM = 95KH8LTQV6;
				GENERATE_INFOPLIST_FILE = YES;
				MARKETING_VERSION = 1.0;
				PRODUCT_BUNDLE_IDENTIFIER = com.ocean.K2EConverterUITests;
				PRODUCT_NAME = "$(TARGET_NAME)";
				SWIFT_EMIT_LOC_STRINGS = NO;
				SWIFT_VERSION = 5.0;
				TARGETED_DEVICE_FAMILY = "1,2";
				TEST_TARGET_NAME = K2EConverter;
			};
			name = Debug;
		};
		8E20C98C2BA03C260071BE46 /* Release */ = {
			isa = XCBuildConfiguration;
			buildSettings = {
				ALWAYS_EMBED_SWIFT_STANDARD_LIBRARIES = YES;
				CODE_SIGN_STYLE = Automatic;
				CURRENT_PROJECT_VERSION = 1;
				DEVELOPMENT_TEAM = 95KH8LTQV6;
				GENERATE_INFOPLIST_FILE = YES;
				MARKETING_VERSION = 1.0;
				PRODUCT_BUNDLE_IDENTIFIER = com.ocean.K2EConverterUITests;
				PRODUCT_NAME = "$(TARGET_NAME)";
				SWIFT_EMIT_LOC_STRINGS = NO;
				SWIFT_VERSION = 5.0;
				TARGETED_DEVICE_FAMILY = "1,2";
				TEST_TARGET_NAME = K2EConverter;
			};
			name = Release;
		};
/* End XCBuildConfiguration section */

/* Begin XCConfigurationList section */
		8E20C95B2BA03C240071BE46 /* Build configuration list for PBXProject "K2EConverter" */ = {
			isa = XCConfigurationList;
			buildConfigurations = (
				8E20C9822BA03C260071BE46 /* Debug */,
				8E20C9832BA03C260071BE46 /* Release */,
			);
			defaultConfigurationIsVisible = 0;
			defaultConfigurationName = Release;
		};
		8E20C9842BA03C260071BE46 /* Build configuration list for PBXNativeTarget "K2EConverter" */ = {
			isa = XCConfigurationList;
			buildConfigurations = (
				8E20C9852BA03C260071BE46 /* Debug */,
				8E20C9862BA03C260071BE46 /* Release */,
			);
			defaultConfigurationIsVisible = 0;
			defaultConfigurationName = Release;
		};
		8E20C9872BA03C260071BE46 /* Build configuration list for PBXNativeTarget "K2EConverterTests" */ = {
			isa = XCConfigurationList;
			buildConfigurations = (
				8E20C9882BA03C260071BE46 /* Debug */,
				8E20C9892BA03C260071BE46 /* Release */,
			);
			defaultConfigurationIsVisible = 0;
			defaultConfigurationName = Release;
		};
		8E20C98A2BA03C260071BE46 /* Build configuration list for PBXNativeTarget "K2EConverterUITests" */ = {
			isa = XCConfigurationList;
			buildConfigurations = (
				8E20C98B2BA03C260071BE46 /* Debug */,
				8E20C98C2BA03C260071BE46 /* Release */,
			);
			defaultConfigurationIsVisible = 0;
			defaultConfigurationName = Release;
		};
/* End XCConfigurationList section */
	};
	rootObject = 8E20C9582BA03C240071BE46 /* Project object */;
}
